
Microsoft Visual Studio Solution File, Format Version 12.00
# Visual Studio 15
VisualStudioVersion = 15.0.27004.2006
MinimumVisualStudioVersion = 10.0.40219.1
Project("{9A19103F-16F7-4668-BE54-9A1E7A4F7556}") = "NFX", "NFX\NFX.csproj", "{E91A2381-8272-4B6B-98BE-2668034897D9}"
	ProjectSection(ProjectDependencies) = postProject
		{2DE4413D-7480-48C5-B1DF-11212F0F7225} = {2DE4413D-7480-48C5-B1DF-11212F0F7225}
		{87B90DC8-76B3-4E81-B632-DB0A6500734B} = {87B90DC8-76B3-4E81-B632-DB0A6500734B}
	EndProjectSection
EndProject
Project("{2150E333-8FDC-42A3-9474-1A3956D46DE8}") = "runtimes", "runtimes", "{182C313C-5127-41F8-8353-928B63068DB0}"
EndProject
Project("{2150E333-8FDC-42A3-9474-1A3956D46DE8}") = "core", "core", "{3BF205BD-A3B5-4F78-91C6-59A7F34900CC}"
EndProject
Project("{2150E333-8FDC-42A3-9474-1A3956D46DE8}") = "netf", "netf", "{C1DFFE6C-AF9F-4C65-BA18-EE4F7D7B3BAC}"
EndProject
Project("{9A19103F-16F7-4668-BE54-9A1E7A4F7556}") = "NFX.PAL.NetCore20", "runtimes\core\NFX.PAL.NetCore20\NFX.PAL.NetCore20.csproj", "{71E3B625-6625-4A3E-9837-577065D858AF}"
EndProject
Project("{FAE04EC0-301F-11D3-BF4B-00C04F79EFBC}") = "NFX.PAL.NetFramework", "runtimes\netf\NFX.PAL.NetFramework\NFX.PAL.NetFramework.csproj", "{D11297CE-36F6-4B34-8D43-1C7E77813F01}"
EndProject
Project("{9A19103F-16F7-4668-BE54-9A1E7A4F7556}") = "toy", "runtimes\core\toy\toy.csproj", "{2DA2072C-341D-4A1E-A9DE-142AB6B3E94D}"
EndProject
Project("{2150E333-8FDC-42A3-9474-1A3956D46DE8}") = "testing", "testing", "{8A84B34E-EF54-4813-90D6-E72D0AED6E9C}"
EndProject
Project("{9A19103F-16F7-4668-BE54-9A1E7A4F7556}") = "BusinessLogic", "testing\BusinessLogic\BusinessLogic.csproj", "{2C2BBF32-AE3E-4166-9DCE-A7814B9C4D61}"
EndProject
Project("{FAE04EC0-301F-11D3-BF4B-00C04F79EFBC}") = "toy", "runtimes\netf\toy\toy.csproj", "{56EAC2CE-0D24-4852-A633-F5B16AEF42FF}"
EndProject
Project("{FAE04EC0-301F-11D3-BF4B-00C04F79EFBC}") = "WinFormsTest", "runtimes\netf\WinFormsTest\WinFormsTest.csproj", "{19FB4FE1-60E4-4A7A-A995-5A64A1269E55}"
EndProject
Project("{9A19103F-16F7-4668-BE54-9A1E7A4F7556}") = "NFX.Web", "NFX.Web\NFX.Web.csproj", "{946CCA22-725B-4302-BF51-92450E47EBAF}"
	ProjectSection(ProjectDependencies) = postProject
		{397ED222-D5CA-4F5F-A9D6-976443A6C012} = {397ED222-D5CA-4F5F-A9D6-976443A6C012}
		{C454292A-F7BB-4B4B-8566-F46F1F07C168} = {C454292A-F7BB-4B4B-8566-F46F1F07C168}
		{7A8A383C-2500-434D-85A4-E26BBF81072C} = {7A8A383C-2500-434D-85A4-E26BBF81072C}
		{F738273D-BBF4-4075-9480-1A2EA6E620F7} = {F738273D-BBF4-4075-9480-1A2EA6E620F7}
		{2DE4413D-7480-48C5-B1DF-11212F0F7225} = {2DE4413D-7480-48C5-B1DF-11212F0F7225}
		{253F523E-DB58-4386-BDCD-A16C32357CA9} = {253F523E-DB58-4386-BDCD-A16C32357CA9}
		{82E7544E-63B1-4571-A35D-B2905CB68D50} = {82E7544E-63B1-4571-A35D-B2905CB68D50}
		{B4D71B64-7194-4E10-BD56-FD69BA64E3D5} = {B4D71B64-7194-4E10-BD56-FD69BA64E3D5}
		{E059B281-F2E0-4DC6-9D15-9ABF3A3CCFD4} = {E059B281-F2E0-4DC6-9D15-9ABF3A3CCFD4}
		{E25A5C98-E60C-4AC1-B705-C207D32CDD70} = {E25A5C98-E60C-4AC1-B705-C207D32CDD70}
		{3C8A4999-2245-4160-9BD8-82B68D37BD78} = {3C8A4999-2245-4160-9BD8-82B68D37BD78}
		{E1CF27A1-FA87-415A-91D2-0B03B8D5574B} = {E1CF27A1-FA87-415A-91D2-0B03B8D5574B}
		{536EF4B5-0356-4EA0-A2EA-A9ACFC1192A6} = {536EF4B5-0356-4EA0-A2EA-A9ACFC1192A6}
		{87B90DC8-76B3-4E81-B632-DB0A6500734B} = {87B90DC8-76B3-4E81-B632-DB0A6500734B}
		{548AE0E7-4B27-4D1A-B666-E4447E7018BC} = {548AE0E7-4B27-4D1A-B666-E4447E7018BC}
		{2941B2EA-DABE-45F4-807E-E1914FEDCF82} = {2941B2EA-DABE-45F4-807E-E1914FEDCF82}
		{A26212FB-B93C-4A4F-B988-98D021A9DBD1} = {A26212FB-B93C-4A4F-B988-98D021A9DBD1}
	EndProjectSection
EndProject
Project("{9A19103F-16F7-4668-BE54-9A1E7A4F7556}") = "NFX.Wave", "NFX.Wave\NFX.Wave.csproj", "{F0814B91-AFC5-42B3-BDB7-D3C34A8A5B3D}"
EndProject
Project("{9A19103F-16F7-4668-BE54-9A1E7A4F7556}") = "NFX.Tools", "NFX.Tools\NFX.Tools.csproj", "{5CFCE310-8F5C-4348-A77A-386ADCFAE9A9}"
EndProject
Project("{9A19103F-16F7-4668-BE54-9A1E7A4F7556}") = "arow", "runtimes\core\arow\arow.csproj", "{E059B281-F2E0-4DC6-9D15-9ABF3A3CCFD4}"
EndProject
Project("{9A19103F-16F7-4668-BE54-9A1E7A4F7556}") = "buildinfo", "runtimes\core\buildinfo\buildinfo.csproj", "{2DE4413D-7480-48C5-B1DF-11212F0F7225}"
EndProject
Project("{9A19103F-16F7-4668-BE54-9A1E7A4F7556}") = "gluec", "runtimes\core\gluec\gluec.csproj", "{536EF4B5-0356-4EA0-A2EA-A9ACFC1192A6}"
EndProject
Project("{9A19103F-16F7-4668-BE54-9A1E7A4F7556}") = "getdatetime", "runtimes\core\getdatetime\getdatetime.csproj", "{253F523E-DB58-4386-BDCD-A16C32357CA9}"
EndProject
Project("{9A19103F-16F7-4668-BE54-9A1E7A4F7556}") = "inventory", "runtimes\core\inventory\inventory.csproj", "{548AE0E7-4B27-4D1A-B666-E4447E7018BC}"
EndProject
Project("{9A19103F-16F7-4668-BE54-9A1E7A4F7556}") = "ntc", "runtimes\core\ntc\ntc.csproj", "{C454292A-F7BB-4B4B-8566-F46F1F07C168}"
EndProject
Project("{9A19103F-16F7-4668-BE54-9A1E7A4F7556}") = "phash", "runtimes\core\phash\phash.csproj", "{A26212FB-B93C-4A4F-B988-98D021A9DBD1}"
EndProject
Project("{9A19103F-16F7-4668-BE54-9A1E7A4F7556}") = "rsc", "runtimes\core\rsc\rsc.csproj", "{E25A5C98-E60C-4AC1-B705-C207D32CDD70}"
EndProject
Project("{FAE04EC0-301F-11D3-BF4B-00C04F79EFBC}") = "arow", "runtimes\netf\arow\arow.csproj", "{82E7544E-63B1-4571-A35D-B2905CB68D50}"
EndProject
Project("{FAE04EC0-301F-11D3-BF4B-00C04F79EFBC}") = "buildinfo", "runtimes\netf\buildinfo\buildinfo.csproj", "{87B90DC8-76B3-4E81-B632-DB0A6500734B}"
EndProject
Project("{FAE04EC0-301F-11D3-BF4B-00C04F79EFBC}") = "getdatetime", "runtimes\netf\getdatetime\getdatetime.csproj", "{E1CF27A1-FA87-415A-91D2-0B03B8D5574B}"
EndProject
Project("{FAE04EC0-301F-11D3-BF4B-00C04F79EFBC}") = "gluec", "runtimes\netf\gluec\gluec.csproj", "{2941B2EA-DABE-45F4-807E-E1914FEDCF82}"
EndProject
Project("{FAE04EC0-301F-11D3-BF4B-00C04F79EFBC}") = "inventory", "runtimes\netf\inventory\inventory.csproj", "{B4D71B64-7194-4E10-BD56-FD69BA64E3D5}"
EndProject
Project("{FAE04EC0-301F-11D3-BF4B-00C04F79EFBC}") = "licupd", "runtimes\netf\licupd\licupd.csproj", "{F738273D-BBF4-4075-9480-1A2EA6E620F7}"
EndProject
Project("{FAE04EC0-301F-11D3-BF4B-00C04F79EFBC}") = "ntc", "runtimes\netf\ntc\ntc.csproj", "{7A8A383C-2500-434D-85A4-E26BBF81072C}"
EndProject
Project("{FAE04EC0-301F-11D3-BF4B-00C04F79EFBC}") = "phash", "runtimes\netf\phash\phash.csproj", "{3C8A4999-2245-4160-9BD8-82B68D37BD78}"
EndProject
Project("{FAE04EC0-301F-11D3-BF4B-00C04F79EFBC}") = "rsc", "runtimes\netf\rsc\rsc.csproj", "{397ED222-D5CA-4F5F-A9D6-976443A6C012}"
EndProject
Project("{FAE04EC0-301F-11D3-BF4B-00C04F79EFBC}") = "NFX.WinForms", "runtimes\netf\NFX.WinForms\NFX.WinForms.csproj", "{A0AFFDC4-D1F4-490C-8488-69DCA001D4AE}"
EndProject
Project("{9A19103F-16F7-4668-BE54-9A1E7A4F7556}") = "NFX.Erlang", "NFX.Erlang\NFX.Erlang.csproj", "{84BDC957-A2B0-40B9-AD3C-62E7D86FA16C}"
EndProject
Project("{9A19103F-16F7-4668-BE54-9A1E7A4F7556}") = "NFX.UTest", "testing\NFX.UTest\NFX.UTest.csproj", "{D419B483-5141-49B2-97BF-F020438BCB67}"
EndProject
Project("{9A19103F-16F7-4668-BE54-9A1E7A4F7556}") = "trun", "runtimes\core\trun\trun.csproj", "{7666ABED-F42F-42F4-98C5-20295A1AC451}"
EndProject
Project("{FAE04EC0-301F-11D3-BF4B-00C04F79EFBC}") = "trun", "runtimes\netf\trun\trun.csproj", "{BD128FAA-972C-4837-8CA8-78636D4D1235}"
EndProject
Project("{2150E333-8FDC-42A3-9474-1A3956D46DE8}") = "providers", "providers", "{0327C027-418A-45D1-8617-A1E627E1BEE2}"
EndProject
Project("{FAE04EC0-301F-11D3-BF4B-00C04F79EFBC}") = "NFX.MongoDB", "providers\NFX.MongoDB\NFX.MongoDB.csproj", "{F186F18C-BADA-47DF-9BFF-B6F497637718}"
EndProject
Global
	GlobalSection(SolutionConfigurationPlatforms) = preSolution
		Debug|Any CPU = Debug|Any CPU
		Release|Any CPU = Release|Any CPU
	EndGlobalSection
	GlobalSection(ProjectConfigurationPlatforms) = postSolution
		{E91A2381-8272-4B6B-98BE-2668034897D9}.Debug|Any CPU.ActiveCfg = Debug|Any CPU
		{E91A2381-8272-4B6B-98BE-2668034897D9}.Debug|Any CPU.Build.0 = Debug|Any CPU
		{E91A2381-8272-4B6B-98BE-2668034897D9}.Release|Any CPU.ActiveCfg = Release|Any CPU
		{E91A2381-8272-4B6B-98BE-2668034897D9}.Release|Any CPU.Build.0 = Release|Any CPU
		{71E3B625-6625-4A3E-9837-577065D858AF}.Debug|Any CPU.ActiveCfg = Debug|Any CPU
		{71E3B625-6625-4A3E-9837-577065D858AF}.Debug|Any CPU.Build.0 = Debug|Any CPU
		{71E3B625-6625-4A3E-9837-577065D858AF}.Release|Any CPU.ActiveCfg = Release|Any CPU
		{71E3B625-6625-4A3E-9837-577065D858AF}.Release|Any CPU.Build.0 = Release|Any CPU
		{D11297CE-36F6-4B34-8D43-1C7E77813F01}.Debug|Any CPU.ActiveCfg = Debug|Any CPU
		{D11297CE-36F6-4B34-8D43-1C7E77813F01}.Debug|Any CPU.Build.0 = Debug|Any CPU
		{D11297CE-36F6-4B34-8D43-1C7E77813F01}.Release|Any CPU.ActiveCfg = Release|Any CPU
		{D11297CE-36F6-4B34-8D43-1C7E77813F01}.Release|Any CPU.Build.0 = Release|Any CPU
		{2DA2072C-341D-4A1E-A9DE-142AB6B3E94D}.Debug|Any CPU.ActiveCfg = Debug|Any CPU
		{2DA2072C-341D-4A1E-A9DE-142AB6B3E94D}.Debug|Any CPU.Build.0 = Debug|Any CPU
		{2DA2072C-341D-4A1E-A9DE-142AB6B3E94D}.Release|Any CPU.ActiveCfg = Release|Any CPU
		{2DA2072C-341D-4A1E-A9DE-142AB6B3E94D}.Release|Any CPU.Build.0 = Release|Any CPU
		{2C2BBF32-AE3E-4166-9DCE-A7814B9C4D61}.Debug|Any CPU.ActiveCfg = Debug|Any CPU
		{2C2BBF32-AE3E-4166-9DCE-A7814B9C4D61}.Debug|Any CPU.Build.0 = Debug|Any CPU
		{2C2BBF32-AE3E-4166-9DCE-A7814B9C4D61}.Release|Any CPU.ActiveCfg = Release|Any CPU
		{2C2BBF32-AE3E-4166-9DCE-A7814B9C4D61}.Release|Any CPU.Build.0 = Release|Any CPU
		{56EAC2CE-0D24-4852-A633-F5B16AEF42FF}.Debug|Any CPU.ActiveCfg = Debug|Any CPU
		{56EAC2CE-0D24-4852-A633-F5B16AEF42FF}.Debug|Any CPU.Build.0 = Debug|Any CPU
		{56EAC2CE-0D24-4852-A633-F5B16AEF42FF}.Release|Any CPU.ActiveCfg = Release|Any CPU
		{56EAC2CE-0D24-4852-A633-F5B16AEF42FF}.Release|Any CPU.Build.0 = Release|Any CPU
		{19FB4FE1-60E4-4A7A-A995-5A64A1269E55}.Debug|Any CPU.ActiveCfg = Debug|Any CPU
		{19FB4FE1-60E4-4A7A-A995-5A64A1269E55}.Debug|Any CPU.Build.0 = Debug|Any CPU
		{19FB4FE1-60E4-4A7A-A995-5A64A1269E55}.Release|Any CPU.ActiveCfg = Release|Any CPU
		{19FB4FE1-60E4-4A7A-A995-5A64A1269E55}.Release|Any CPU.Build.0 = Release|Any CPU
		{946CCA22-725B-4302-BF51-92450E47EBAF}.Debug|Any CPU.ActiveCfg = Debug|Any CPU
		{946CCA22-725B-4302-BF51-92450E47EBAF}.Debug|Any CPU.Build.0 = Debug|Any CPU
		{946CCA22-725B-4302-BF51-92450E47EBAF}.Release|Any CPU.ActiveCfg = Release|Any CPU
		{946CCA22-725B-4302-BF51-92450E47EBAF}.Release|Any CPU.Build.0 = Release|Any CPU
		{F0814B91-AFC5-42B3-BDB7-D3C34A8A5B3D}.Debug|Any CPU.ActiveCfg = Debug|Any CPU
		{F0814B91-AFC5-42B3-BDB7-D3C34A8A5B3D}.Debug|Any CPU.Build.0 = Debug|Any CPU
		{F0814B91-AFC5-42B3-BDB7-D3C34A8A5B3D}.Release|Any CPU.ActiveCfg = Release|Any CPU
		{F0814B91-AFC5-42B3-BDB7-D3C34A8A5B3D}.Release|Any CPU.Build.0 = Release|Any CPU
		{5CFCE310-8F5C-4348-A77A-386ADCFAE9A9}.Debug|Any CPU.ActiveCfg = Debug|Any CPU
		{5CFCE310-8F5C-4348-A77A-386ADCFAE9A9}.Debug|Any CPU.Build.0 = Debug|Any CPU
		{5CFCE310-8F5C-4348-A77A-386ADCFAE9A9}.Release|Any CPU.ActiveCfg = Release|Any CPU
		{5CFCE310-8F5C-4348-A77A-386ADCFAE9A9}.Release|Any CPU.Build.0 = Release|Any CPU
		{E059B281-F2E0-4DC6-9D15-9ABF3A3CCFD4}.Debug|Any CPU.ActiveCfg = Debug|Any CPU
		{E059B281-F2E0-4DC6-9D15-9ABF3A3CCFD4}.Debug|Any CPU.Build.0 = Debug|Any CPU
		{E059B281-F2E0-4DC6-9D15-9ABF3A3CCFD4}.Release|Any CPU.ActiveCfg = Release|Any CPU
		{E059B281-F2E0-4DC6-9D15-9ABF3A3CCFD4}.Release|Any CPU.Build.0 = Release|Any CPU
		{2DE4413D-7480-48C5-B1DF-11212F0F7225}.Debug|Any CPU.ActiveCfg = Debug|Any CPU
		{2DE4413D-7480-48C5-B1DF-11212F0F7225}.Debug|Any CPU.Build.0 = Debug|Any CPU
		{2DE4413D-7480-48C5-B1DF-11212F0F7225}.Release|Any CPU.ActiveCfg = Release|Any CPU
		{2DE4413D-7480-48C5-B1DF-11212F0F7225}.Release|Any CPU.Build.0 = Release|Any CPU
		{536EF4B5-0356-4EA0-A2EA-A9ACFC1192A6}.Debug|Any CPU.ActiveCfg = Debug|Any CPU
		{536EF4B5-0356-4EA0-A2EA-A9ACFC1192A6}.Debug|Any CPU.Build.0 = Debug|Any CPU
		{536EF4B5-0356-4EA0-A2EA-A9ACFC1192A6}.Release|Any CPU.ActiveCfg = Release|Any CPU
		{536EF4B5-0356-4EA0-A2EA-A9ACFC1192A6}.Release|Any CPU.Build.0 = Release|Any CPU
		{253F523E-DB58-4386-BDCD-A16C32357CA9}.Debug|Any CPU.ActiveCfg = Debug|Any CPU
		{253F523E-DB58-4386-BDCD-A16C32357CA9}.Debug|Any CPU.Build.0 = Debug|Any CPU
		{253F523E-DB58-4386-BDCD-A16C32357CA9}.Release|Any CPU.ActiveCfg = Release|Any CPU
		{253F523E-DB58-4386-BDCD-A16C32357CA9}.Release|Any CPU.Build.0 = Release|Any CPU
		{548AE0E7-4B27-4D1A-B666-E4447E7018BC}.Debug|Any CPU.ActiveCfg = Debug|Any CPU
		{548AE0E7-4B27-4D1A-B666-E4447E7018BC}.Debug|Any CPU.Build.0 = Debug|Any CPU
		{548AE0E7-4B27-4D1A-B666-E4447E7018BC}.Release|Any CPU.ActiveCfg = Release|Any CPU
		{548AE0E7-4B27-4D1A-B666-E4447E7018BC}.Release|Any CPU.Build.0 = Release|Any CPU
		{C454292A-F7BB-4B4B-8566-F46F1F07C168}.Debug|Any CPU.ActiveCfg = Debug|Any CPU
		{C454292A-F7BB-4B4B-8566-F46F1F07C168}.Debug|Any CPU.Build.0 = Debug|Any CPU
		{C454292A-F7BB-4B4B-8566-F46F1F07C168}.Release|Any CPU.ActiveCfg = Release|Any CPU
		{C454292A-F7BB-4B4B-8566-F46F1F07C168}.Release|Any CPU.Build.0 = Release|Any CPU
		{A26212FB-B93C-4A4F-B988-98D021A9DBD1}.Debug|Any CPU.ActiveCfg = Debug|Any CPU
		{A26212FB-B93C-4A4F-B988-98D021A9DBD1}.Debug|Any CPU.Build.0 = Debug|Any CPU
		{A26212FB-B93C-4A4F-B988-98D021A9DBD1}.Release|Any CPU.ActiveCfg = Release|Any CPU
		{A26212FB-B93C-4A4F-B988-98D021A9DBD1}.Release|Any CPU.Build.0 = Release|Any CPU
		{E25A5C98-E60C-4AC1-B705-C207D32CDD70}.Debug|Any CPU.ActiveCfg = Debug|Any CPU
		{E25A5C98-E60C-4AC1-B705-C207D32CDD70}.Debug|Any CPU.Build.0 = Debug|Any CPU
		{E25A5C98-E60C-4AC1-B705-C207D32CDD70}.Release|Any CPU.ActiveCfg = Release|Any CPU
		{E25A5C98-E60C-4AC1-B705-C207D32CDD70}.Release|Any CPU.Build.0 = Release|Any CPU
		{82E7544E-63B1-4571-A35D-B2905CB68D50}.Debug|Any CPU.ActiveCfg = Debug|Any CPU
		{82E7544E-63B1-4571-A35D-B2905CB68D50}.Debug|Any CPU.Build.0 = Debug|Any CPU
		{82E7544E-63B1-4571-A35D-B2905CB68D50}.Release|Any CPU.ActiveCfg = Release|Any CPU
		{82E7544E-63B1-4571-A35D-B2905CB68D50}.Release|Any CPU.Build.0 = Release|Any CPU
		{87B90DC8-76B3-4E81-B632-DB0A6500734B}.Debug|Any CPU.ActiveCfg = Debug|Any CPU
		{87B90DC8-76B3-4E81-B632-DB0A6500734B}.Debug|Any CPU.Build.0 = Debug|Any CPU
		{87B90DC8-76B3-4E81-B632-DB0A6500734B}.Release|Any CPU.ActiveCfg = Release|Any CPU
		{87B90DC8-76B3-4E81-B632-DB0A6500734B}.Release|Any CPU.Build.0 = Release|Any CPU
		{E1CF27A1-FA87-415A-91D2-0B03B8D5574B}.Debug|Any CPU.ActiveCfg = Debug|Any CPU
		{E1CF27A1-FA87-415A-91D2-0B03B8D5574B}.Debug|Any CPU.Build.0 = Debug|Any CPU
		{E1CF27A1-FA87-415A-91D2-0B03B8D5574B}.Release|Any CPU.ActiveCfg = Release|Any CPU
		{E1CF27A1-FA87-415A-91D2-0B03B8D5574B}.Release|Any CPU.Build.0 = Release|Any CPU
		{2941B2EA-DABE-45F4-807E-E1914FEDCF82}.Debug|Any CPU.ActiveCfg = Debug|Any CPU
		{2941B2EA-DABE-45F4-807E-E1914FEDCF82}.Debug|Any CPU.Build.0 = Debug|Any CPU
		{2941B2EA-DABE-45F4-807E-E1914FEDCF82}.Release|Any CPU.ActiveCfg = Release|Any CPU
		{2941B2EA-DABE-45F4-807E-E1914FEDCF82}.Release|Any CPU.Build.0 = Release|Any CPU
		{B4D71B64-7194-4E10-BD56-FD69BA64E3D5}.Debug|Any CPU.ActiveCfg = Debug|Any CPU
		{B4D71B64-7194-4E10-BD56-FD69BA64E3D5}.Debug|Any CPU.Build.0 = Debug|Any CPU
		{B4D71B64-7194-4E10-BD56-FD69BA64E3D5}.Release|Any CPU.ActiveCfg = Release|Any CPU
		{B4D71B64-7194-4E10-BD56-FD69BA64E3D5}.Release|Any CPU.Build.0 = Release|Any CPU
		{F738273D-BBF4-4075-9480-1A2EA6E620F7}.Debug|Any CPU.ActiveCfg = Debug|Any CPU
		{F738273D-BBF4-4075-9480-1A2EA6E620F7}.Debug|Any CPU.Build.0 = Debug|Any CPU
		{F738273D-BBF4-4075-9480-1A2EA6E620F7}.Release|Any CPU.ActiveCfg = Release|Any CPU
		{F738273D-BBF4-4075-9480-1A2EA6E620F7}.Release|Any CPU.Build.0 = Release|Any CPU
		{7A8A383C-2500-434D-85A4-E26BBF81072C}.Debug|Any CPU.ActiveCfg = Debug|Any CPU
		{7A8A383C-2500-434D-85A4-E26BBF81072C}.Debug|Any CPU.Build.0 = Debug|Any CPU
		{7A8A383C-2500-434D-85A4-E26BBF81072C}.Release|Any CPU.ActiveCfg = Release|Any CPU
		{7A8A383C-2500-434D-85A4-E26BBF81072C}.Release|Any CPU.Build.0 = Release|Any CPU
		{3C8A4999-2245-4160-9BD8-82B68D37BD78}.Debug|Any CPU.ActiveCfg = Debug|Any CPU
		{3C8A4999-2245-4160-9BD8-82B68D37BD78}.Debug|Any CPU.Build.0 = Debug|Any CPU
		{3C8A4999-2245-4160-9BD8-82B68D37BD78}.Release|Any CPU.ActiveCfg = Release|Any CPU
		{3C8A4999-2245-4160-9BD8-82B68D37BD78}.Release|Any CPU.Build.0 = Release|Any CPU
		{397ED222-D5CA-4F5F-A9D6-976443A6C012}.Debug|Any CPU.ActiveCfg = Debug|Any CPU
		{397ED222-D5CA-4F5F-A9D6-976443A6C012}.Debug|Any CPU.Build.0 = Debug|Any CPU
		{397ED222-D5CA-4F5F-A9D6-976443A6C012}.Release|Any CPU.ActiveCfg = Release|Any CPU
		{397ED222-D5CA-4F5F-A9D6-976443A6C012}.Release|Any CPU.Build.0 = Release|Any CPU
		{A0AFFDC4-D1F4-490C-8488-69DCA001D4AE}.Debug|Any CPU.ActiveCfg = Debug|Any CPU
		{A0AFFDC4-D1F4-490C-8488-69DCA001D4AE}.Debug|Any CPU.Build.0 = Debug|Any CPU
		{A0AFFDC4-D1F4-490C-8488-69DCA001D4AE}.Release|Any CPU.ActiveCfg = Release|Any CPU
		{A0AFFDC4-D1F4-490C-8488-69DCA001D4AE}.Release|Any CPU.Build.0 = Release|Any CPU
		{84BDC957-A2B0-40B9-AD3C-62E7D86FA16C}.Debug|Any CPU.ActiveCfg = Debug|Any CPU
		{84BDC957-A2B0-40B9-AD3C-62E7D86FA16C}.Debug|Any CPU.Build.0 = Debug|Any CPU
		{84BDC957-A2B0-40B9-AD3C-62E7D86FA16C}.Release|Any CPU.ActiveCfg = Release|Any CPU
		{84BDC957-A2B0-40B9-AD3C-62E7D86FA16C}.Release|Any CPU.Build.0 = Release|Any CPU
		{D419B483-5141-49B2-97BF-F020438BCB67}.Debug|Any CPU.ActiveCfg = Debug|Any CPU
		{D419B483-5141-49B2-97BF-F020438BCB67}.Debug|Any CPU.Build.0 = Debug|Any CPU
		{D419B483-5141-49B2-97BF-F020438BCB67}.Release|Any CPU.ActiveCfg = Release|Any CPU
		{D419B483-5141-49B2-97BF-F020438BCB67}.Release|Any CPU.Build.0 = Release|Any CPU
		{7666ABED-F42F-42F4-98C5-20295A1AC451}.Debug|Any CPU.ActiveCfg = Debug|Any CPU
		{7666ABED-F42F-42F4-98C5-20295A1AC451}.Debug|Any CPU.Build.0 = Debug|Any CPU
		{7666ABED-F42F-42F4-98C5-20295A1AC451}.Release|Any CPU.ActiveCfg = Release|Any CPU
		{7666ABED-F42F-42F4-98C5-20295A1AC451}.Release|Any CPU.Build.0 = Release|Any CPU
		{BD128FAA-972C-4837-8CA8-78636D4D1235}.Debug|Any CPU.ActiveCfg = Debug|Any CPU
		{BD128FAA-972C-4837-8CA8-78636D4D1235}.Debug|Any CPU.Build.0 = Debug|Any CPU
		{BD128FAA-972C-4837-8CA8-78636D4D1235}.Release|Any CPU.ActiveCfg = Release|Any CPU
		{BD128FAA-972C-4837-8CA8-78636D4D1235}.Release|Any CPU.Build.0 = Release|Any CPU
		{F186F18C-BADA-47DF-9BFF-B6F497637718}.Debug|Any CPU.ActiveCfg = Debug|Any CPU
		{F186F18C-BADA-47DF-9BFF-B6F497637718}.Debug|Any CPU.Build.0 = Debug|Any CPU
		{F186F18C-BADA-47DF-9BFF-B6F497637718}.Release|Any CPU.ActiveCfg = Release|Any CPU
		{F186F18C-BADA-47DF-9BFF-B6F497637718}.Release|Any CPU.Build.0 = Release|Any CPU
	EndGlobalSection
	GlobalSection(SolutionProperties) = preSolution
		HideSolutionNode = FALSE
	EndGlobalSection
	GlobalSection(NestedProjects) = preSolution
		{3BF205BD-A3B5-4F78-91C6-59A7F34900CC} = {182C313C-5127-41F8-8353-928B63068DB0}
		{C1DFFE6C-AF9F-4C65-BA18-EE4F7D7B3BAC} = {182C313C-5127-41F8-8353-928B63068DB0}
		{71E3B625-6625-4A3E-9837-577065D858AF} = {3BF205BD-A3B5-4F78-91C6-59A7F34900CC}
		{D11297CE-36F6-4B34-8D43-1C7E77813F01} = {C1DFFE6C-AF9F-4C65-BA18-EE4F7D7B3BAC}
		{2DA2072C-341D-4A1E-A9DE-142AB6B3E94D} = {3BF205BD-A3B5-4F78-91C6-59A7F34900CC}
		{2C2BBF32-AE3E-4166-9DCE-A7814B9C4D61} = {8A84B34E-EF54-4813-90D6-E72D0AED6E9C}
		{56EAC2CE-0D24-4852-A633-F5B16AEF42FF} = {C1DFFE6C-AF9F-4C65-BA18-EE4F7D7B3BAC}
		{19FB4FE1-60E4-4A7A-A995-5A64A1269E55} = {C1DFFE6C-AF9F-4C65-BA18-EE4F7D7B3BAC}
		{E059B281-F2E0-4DC6-9D15-9ABF3A3CCFD4} = {3BF205BD-A3B5-4F78-91C6-59A7F34900CC}
		{2DE4413D-7480-48C5-B1DF-11212F0F7225} = {3BF205BD-A3B5-4F78-91C6-59A7F34900CC}
		{536EF4B5-0356-4EA0-A2EA-A9ACFC1192A6} = {3BF205BD-A3B5-4F78-91C6-59A7F34900CC}
		{253F523E-DB58-4386-BDCD-A16C32357CA9} = {3BF205BD-A3B5-4F78-91C6-59A7F34900CC}
		{548AE0E7-4B27-4D1A-B666-E4447E7018BC} = {3BF205BD-A3B5-4F78-91C6-59A7F34900CC}
		{C454292A-F7BB-4B4B-8566-F46F1F07C168} = {3BF205BD-A3B5-4F78-91C6-59A7F34900CC}
		{A26212FB-B93C-4A4F-B988-98D021A9DBD1} = {3BF205BD-A3B5-4F78-91C6-59A7F34900CC}
		{E25A5C98-E60C-4AC1-B705-C207D32CDD70} = {3BF205BD-A3B5-4F78-91C6-59A7F34900CC}
		{82E7544E-63B1-4571-A35D-B2905CB68D50} = {C1DFFE6C-AF9F-4C65-BA18-EE4F7D7B3BAC}
		{87B90DC8-76B3-4E81-B632-DB0A6500734B} = {C1DFFE6C-AF9F-4C65-BA18-EE4F7D7B3BAC}
		{E1CF27A1-FA87-415A-91D2-0B03B8D5574B} = {C1DFFE6C-AF9F-4C65-BA18-EE4F7D7B3BAC}
		{2941B2EA-DABE-45F4-807E-E1914FEDCF82} = {C1DFFE6C-AF9F-4C65-BA18-EE4F7D7B3BAC}
		{B4D71B64-7194-4E10-BD56-FD69BA64E3D5} = {C1DFFE6C-AF9F-4C65-BA18-EE4F7D7B3BAC}
		{F738273D-BBF4-4075-9480-1A2EA6E620F7} = {C1DFFE6C-AF9F-4C65-BA18-EE4F7D7B3BAC}
		{7A8A383C-2500-434D-85A4-E26BBF81072C} = {C1DFFE6C-AF9F-4C65-BA18-EE4F7D7B3BAC}
		{3C8A4999-2245-4160-9BD8-82B68D37BD78} = {C1DFFE6C-AF9F-4C65-BA18-EE4F7D7B3BAC}
		{397ED222-D5CA-4F5F-A9D6-976443A6C012} = {C1DFFE6C-AF9F-4C65-BA18-EE4F7D7B3BAC}
		{A0AFFDC4-D1F4-490C-8488-69DCA001D4AE} = {C1DFFE6C-AF9F-4C65-BA18-EE4F7D7B3BAC}
		{D419B483-5141-49B2-97BF-F020438BCB67} = {8A84B34E-EF54-4813-90D6-E72D0AED6E9C}
		{7666ABED-F42F-42F4-98C5-20295A1AC451} = {3BF205BD-A3B5-4F78-91C6-59A7F34900CC}
		{BD128FAA-972C-4837-8CA8-78636D4D1235} = {C1DFFE6C-AF9F-4C65-BA18-EE4F7D7B3BAC}
		{F186F18C-BADA-47DF-9BFF-B6F497637718} = {0327C027-418A-45D1-8617-A1E627E1BEE2}
	EndGlobalSection
	GlobalSection(ExtensibilityGlobals) = postSolution
		SolutionGuid = {18DDF9FE-841E-4BEE-B97A-F5E70B5E5B44}
	EndGlobalSection
EndGlobal
